
Microsoft Visual Studio Solution File, Format Version 12.00
# Visual Studio Version 16
VisualStudioVersion = 16.0.30413.136
MinimumVisualStudioVersion = 10.0.40219.1
Project("{8BC9CEB8-8B4A-11D0-8D11-00A0C91BC942}") = "SiAOD", "SiAOD\SiAOD.vcxproj", "{BB08757A-911A-4AFB-8401-DC24A4E40B91}"
EndProject
Project("{8BC9CEB8-8B4A-11D0-8D11-00A0C91BC942}") = "Spravochnik", "Spravochnik\Spravochnik.vcxproj", "{1895E7EE-CAAC-4695-A115-B387A232AAE4}"
EndProject
Project("{8BC9CEB8-8B4A-11D0-8D11-00A0C91BC942}") = "lists_10-13", "lists_10-13\lists_10-13.vcxproj", "{C0DA8220-5860-48C0-B93C-E36135598E7E}"
EndProject
Global
	GlobalSection(SolutionConfigurationPlatforms) = preSolution
		Debug|x64 = Debug|x64
		Debug|x86 = Debug|x86
		Release|x64 = Release|x64
		Release|x86 = Release|x86
	EndGlobalSection
	GlobalSection(ProjectConfigurationPlatforms) = postSolution
		{BB08757A-911A-4AFB-8401-DC24A4E40B91}.Debug|x64.ActiveCfg = Debug|x64
		{BB08757A-911A-4AFB-8401-DC24A4E40B91}.Debug|x64.Build.0 = Debug|x64
		{BB08757A-911A-4AFB-8401-DC24A4E40B91}.Debug|x86.ActiveCfg = Debug|Win32
		{BB08757A-911A-4AFB-8401-DC24A4E40B91}.Debug|x86.Build.0 = Debug|Win32
		{BB08757A-911A-4AFB-8401-DC24A4E40B91}.Release|x64.ActiveCfg = Release|x64
		{BB08757A-911A-4AFB-8401-DC24A4E40B91}.Release|x64.Build.0 = Release|x64
		{BB08757A-911A-4AFB-8401-DC24A4E40B91}.Release|x86.ActiveCfg = Release|Win32
		{BB08757A-911A-4AFB-8401-DC24A4E40B91}.Release|x86.Build.0 = Release|Win32
		{1895E7EE-CAAC-4695-A115-B387A232AAE4}.Debug|x64.ActiveCfg = Debug|x64
		{1895E7EE-CAAC-4695-A115-B387A232AAE4}.Debug|x64.Build.0 = Debug|x64
		{1895E7EE-CAAC-4695-A115-B387A232AAE4}.Debug|x86.ActiveCfg = Debug|Win32
		{1895E7EE-CAAC-4695-A115-B387A232AAE4}.Debug|x86.Build.0 = Debug|Win32
		{1895E7EE-CAAC-4695-A115-B387A232AAE4}.Release|x64.ActiveCfg = Release|x64
		{1895E7EE-CAAC-4695-A115-B387A232AAE4}.Release|x64.Build.0 = Release|x64
		{1895E7EE-CAAC-4695-A115-B387A232AAE4}.Release|x86.ActiveCfg = Release|Win32
		{1895E7EE-CAAC-4695-A115-B387A232AAE4}.Release|x86.Build.0 = Release|Win32
		{C0DA8220-5860-48C0-B93C-E36135598E7E}.Debug|x64.ActiveCfg = Debug|x64
		{C0DA8220-5860-48C0-B93C-E36135598E7E}.Debug|x64.Build.0 = Debug|x64
		{C0DA8220-5860-48C0-B93C-E36135598E7E}.Debug|x86.ActiveCfg = Debug|Win32
		{C0DA8220-5860-48C0-B93C-E36135598E7E}.Debug|x86.Build.0 = Debug|Win32
		{C0DA8220-5860-48C0-B93C-E36135598E7E}.Release|x64.ActiveCfg = Release|x64
		{C0DA8220-5860-48C0-B93C-E36135598E7E}.Release|x64.Build.0 = Release|x64
		{C0DA8220-5860-48C0-B93C-E36135598E7E}.Release|x86.ActiveCfg = Release|Win32
		{C0DA8220-5860-48C0-B93C-E36135598E7E}.Release|x86.Build.0 = Release|Win32
	EndGlobalSection
	GlobalSection(SolutionProperties) = preSolution
		HideSolutionNode = FALSE
	EndGlobalSection
	GlobalSection(ExtensibilityGlobals) = postSolution
		SolutionGuid = {73C02BF5-EFD7-495E-B2A5-5851B3509847}
	EndGlobalSection
EndGlobal
